
Microsoft Visual Studio Solution File, Format Version 12.00
# Visual Studio 15
VisualStudioVersion = 15.0.28307.1525
MinimumVisualStudioVersion = 10.0.40219.1
Project("{FAE04EC0-301F-11D3-BF4B-00C04F79EFBC}") = "MacroTracker", "MacroTracker.csproj", "{7363C987-1B47-4500-BCE3-02F63E5CE9B1}"
EndProject
Global
	GlobalSection(SolutionConfigurationPlatforms) = preSolution
		Debug|Any CPU = Debug|Any CPU
		Release|Any CPU = Release|Any CPU
	EndGlobalSection
	GlobalSection(ProjectConfigurationPlatforms) = postSolution
		{7363C987-1B47-4500-BCE3-02F63E5CE9B1}.Debug|Any CPU.ActiveCfg = Debug|Any CPU
		{7363C987-1B47-4500-BCE3-02F63E5CE9B1}.Debug|Any CPU.Build.0 = Debug|Any CPU
		{7363C987-1B47-4500-BCE3-02F63E5CE9B1}.Release|Any CPU.ActiveCfg = Release|Any CPU
		{7363C987-1B47-4500-BCE3-02F63E5CE9B1}.Release|Any CPU.Build.0 = Release|Any CPU
	EndGlobalSection
	GlobalSection(SolutionProperties) = preSolution
		HideSolutionNode = FALSE
	EndGlobalSection
	GlobalSection(ExtensibilityGlobals) = postSolution
		SolutionGuid = {2B2BBBFF-F94C-47C4-A2AA-78CBF541B834}
	EndGlobalSection
EndGlobal
